
Microsoft Visual Studio Solution File, Format Version 12.00
# Visual Studio Version 18
VisualStudioVersion = 18.6.11819.183 stable
MinimumVisualStudioVersion = 10.0.40219.1
Project("{FAE04EC0-301F-11D3-BF4B-00C04F79EFBC}") = "OrisKaraokePlayerWpf", "OrisKaraokePlayerWpf.csproj", "{5C471B4C-3ECE-C908-CECE-340C4F1C9498}"
EndProject
Global
	GlobalSection(SolutionConfigurationPlatforms) = preSolution
		Debug|Any CPU = Debug|Any CPU
		Release|Any CPU = Release|Any CPU
	EndGlobalSection
	GlobalSection(ProjectConfigurationPlatforms) = postSolution
		{5C471B4C-3ECE-C908-CECE-340C4F1C9498}.Debug|Any CPU.ActiveCfg = Debug|Any CPU
		{5C471B4C-3ECE-C908-CECE-340C4F1C9498}.Debug|Any CPU.Build.0 = Debug|Any CPU
		{5C471B4C-3ECE-C908-CECE-340C4F1C9498}.Release|Any CPU.ActiveCfg = Release|Any CPU
		{5C471B4C-3ECE-C908-CECE-340C4F1C9498}.Release|Any CPU.Build.0 = Release|Any CPU
	EndGlobalSection
	GlobalSection(SolutionProperties) = preSolution
		HideSolutionNode = FALSE
	EndGlobalSection
	GlobalSection(ExtensibilityGlobals) = postSolution
		SolutionGuid = {C8EDFDA9-6EBF-4EED-8A68-C48E60311D28}
	EndGlobalSection
EndGlobal
